// !$*UTF8*$!
{
	archiveVersion = 1;
	classes = {
	};
	objectVersion = 56;
	objects = {

/* Begin PBXBuildFile section */
		8A1A3D64299C178D0092C1E8 /* OnboardingView.swift in Sources */ = {isa = PBXBuildFile; fileRef = 8A1A3D63299C178D0092C1E8 /* OnboardingView.swift */; };
		8A1A3D69299C6E0A0092C1E8 /* IceView.swift in Sources */ = {isa = PBXBuildFile; fileRef = 8A1A3D68299C6E0A0092C1E8 /* IceView.swift */; };
		8A1A3D6B299C809F0092C1E8 /* PinkView.swift in Sources */ = {isa = PBXBuildFile; fileRef = 8A1A3D6A299C809F0092C1E8 /* PinkView.swift */; };
		8A1A3D6D299C80AA0092C1E8 /* PurpleView.swift in Sources */ = {isa = PBXBuildFile; fileRef = 8A1A3D6C299C80AA0092C1E8 /* PurpleView.swift */; };
		8A1A3D6F299C80B70092C1E8 /* BlueView.swift in Sources */ = {isa = PBXBuildFile; fileRef = 8A1A3D6E299C80B70092C1E8 /* BlueView.swift */; };
		8A1A3D71299C80C30092C1E8 /* GreenView.swift in Sources */ = {isa = PBXBuildFile; fileRef = 8A1A3D70299C80C30092C1E8 /* GreenView.swift */; };
		8A1A3D73299C80D00092C1E8 /* YellowView.swift in Sources */ = {isa = PBXBuildFile; fileRef = 8A1A3D72299C80D00092C1E8 /* YellowView.swift */; };
		8A1A3D75299D70230092C1E8 /* TextEditor.swift in Sources */ = {isa = PBXBuildFile; fileRef = 8A1A3D74299D70230092C1E8 /* TextEditor.swift */; };
		8A1A3D77299EC17F0092C1E8 /* endEditing.swift in Sources */ = {isa = PBXBuildFile; fileRef = 8A1A3D76299EC17F0092C1E8 /* endEditing.swift */; };
		8A541B8829885E7F00E8E87F /* Blur.swift in Sources */ = {isa = PBXBuildFile; fileRef = 8A541B8729885E7F00E8E87F /* Blur.swift */; };
		8A622AAD29847FC800795D99 /* ContentView.swift in Sources */ = {isa = PBXBuildFile; fileRef = 8A622AAC29847FC800795D99 /* ContentView.swift */; };
		8A622AAF29847FD000795D99 /* BookDayApp.swift in Sources */ = {isa = PBXBuildFile; fileRef = 8A622AAE29847FD000795D99 /* BookDayApp.swift */; };
		8A73EDE92981A7AE0015C444 /* NetworkModel.swift in Sources */ = {isa = PBXBuildFile; fileRef = 8A73EDE82981A7AE0015C444 /* NetworkModel.swift */; };
		8A73EDF02981B3180015C444 /* CodableExtensions in Frameworks */ = {isa = PBXBuildFile; productRef = 8A73EDEF2981B3180015C444 /* CodableExtensions */; };
		8A73EDFB298449810015C444 /* StringProtocol.swift in Sources */ = {isa = PBXBuildFile; fileRef = 8A73EDFA298449810015C444 /* StringProtocol.swift */; };
		8A7D8EED298993DE000FC836 /* LabelAlignment.swift in Sources */ = {isa = PBXBuildFile; fileRef = 8A7D8EEC298993DE000FC836 /* LabelAlignment.swift */; };
		8A7D8EEF2989B800000FC836 /* ContentCell.swift in Sources */ = {isa = PBXBuildFile; fileRef = 8A7D8EEE2989B800000FC836 /* ContentCell.swift */; };
		8A7D8EF52989D237000FC836 /* DAO.swift in Sources */ = {isa = PBXBuildFile; fileRef = 8A7D8EF42989D237000FC836 /* DAO.swift */; };
		8A7D8EF729916F82000FC836 /* Accent.swift in Sources */ = {isa = PBXBuildFile; fileRef = 8A7D8EF629916F82000FC836 /* Accent.swift */; };
		A13E8477298C2B0700FCDEDB /* ChangePages.swift in Sources */ = {isa = PBXBuildFile; fileRef = A13E8476298C2B0700FCDEDB /* ChangePages.swift */; };
		A14899542980541A00402C94 /* Assets.xcassets in Resources */ = {isa = PBXBuildFile; fileRef = A14899532980541A00402C94 /* Assets.xcassets */; };
		A14899572980541A00402C94 /* Preview Assets.xcassets in Resources */ = {isa = PBXBuildFile; fileRef = A14899562980541A00402C94 /* Preview Assets.xcassets */; };
		A1489960298060F000402C94 /* Book.swift in Sources */ = {isa = PBXBuildFile; fileRef = A148995F298060F000402C94 /* Book.swift */; };
		A14FC1812982F969009F0075 /* FlowOrganizer.swift in Sources */ = {isa = PBXBuildFile; fileRef = A14FC1802982F969009F0075 /* FlowOrganizer.swift */; };
		A14FC185298305FE009F0075 /* ProgressBar.swift in Sources */ = {isa = PBXBuildFile; fileRef = A14FC184298305FE009F0075 /* ProgressBar.swift */; };
		A14FC18729832DB5009F0075 /* BelyDisplay.otf in Resources */ = {isa = PBXBuildFile; fileRef = A14FC17B2982F72A009F0075 /* BelyDisplay.otf */; };
		A152AC482984425E00D21DDC /* RalewayExtraLight.otf in Resources */ = {isa = PBXBuildFile; fileRef = A152AC3C2984425E00D21DDC /* RalewayExtraLight.otf */; };
		A152AC4A2984425E00D21DDC /* RalewayRegular.otf in Resources */ = {isa = PBXBuildFile; fileRef = A152AC3E2984425E00D21DDC /* RalewayRegular.otf */; };
		A152AC4B2984425E00D21DDC /* RalewayMedium.otf in Resources */ = {isa = PBXBuildFile; fileRef = A152AC3F2984425E00D21DDC /* RalewayMedium.otf */; };
		A152AC502984425E00D21DDC /* RalewayLight.otf in Resources */ = {isa = PBXBuildFile; fileRef = A152AC442984425E00D21DDC /* RalewayLight.otf */; };
		A152AC522984425E00D21DDC /* Raleway.otf in Resources */ = {isa = PBXBuildFile; fileRef = A152AC462984425E00D21DDC /* Raleway.otf */; };
		A152AC5E298449A200D21DDC /* PageModel.swift in Sources */ = {isa = PBXBuildFile; fileRef = A152AC5D298449A200D21DDC /* PageModel.swift */; };
		A152AC622984790E00D21DDC /* ScrollBookReading.swift in Sources */ = {isa = PBXBuildFile; fileRef = A152AC612984790E00D21DDC /* ScrollBookReading.swift */; };
		A159F5F92981BCE60054BBC4 /* Colors.swift in Sources */ = {isa = PBXBuildFile; fileRef = A159F5F82981BCE60054BBC4 /* Colors.swift */; };
		A159F5FB2981C4870054BBC4 /* MainView.swift in Sources */ = {isa = PBXBuildFile; fileRef = A159F5FA2981C4870054BBC4 /* MainView.swift */; };
		A159F6012981CA740054BBC4 /* HomeView.swift in Sources */ = {isa = PBXBuildFile; fileRef = A159F6002981CA740054BBC4 /* HomeView.swift */; };
		A15BD0252991A9E6009AEC1A /* AppData.swift in Sources */ = {isa = PBXBuildFile; fileRef = A15BD0242991A9E6009AEC1A /* AppData.swift */; };
		A164B176299EB07200959B2E /* AbandonLogic.swift in Sources */ = {isa = PBXBuildFile; fileRef = A164B175299EB07200959B2E /* AbandonLogic.swift */; };
		A165ACC1299C0FB20063C576 /* HideTabBar.swift in Sources */ = {isa = PBXBuildFile; fileRef = A165ACC0299C0FB20063C576 /* HideTabBar.swift */; };
		A165ACC3299C1A4F0063C576 /* Notifications.swift in Sources */ = {isa = PBXBuildFile; fileRef = A165ACC2299C1A4F0063C576 /* Notifications.swift */; };
		A185140E2995735D00B673FB /* Abandon.swift in Sources */ = {isa = PBXBuildFile; fileRef = A185140D2995735D00B673FB /* Abandon.swift */; };
		A196118D299FF64400D97451 /* AlarmModel.swift in Sources */ = {isa = PBXBuildFile; fileRef = A196118C299FF64400D97451 /* AlarmModel.swift */; };
		A1FDA291298DB6AD001130FD /* Library.swift in Sources */ = {isa = PBXBuildFile; fileRef = 8A7D8EF02989D11E000FC836 /* Library.swift */; };
		A1FDA292298DB6BE001130FD /* SearchView.swift in Sources */ = {isa = PBXBuildFile; fileRef = 8A7D8EF22989D169000FC836 /* SearchView.swift */; };
		A1FDA293298DB6BE001130FD /* InfoBookView.swift in Sources */ = {isa = PBXBuildFile; fileRef = 8A7D8EE829887A46000FC836 /* InfoBookView.swift */; };
/* End PBXBuildFile section */

/* Begin PBXFileReference section */
		8A1A3D63299C178D0092C1E8 /* OnboardingView.swift */ = {isa = PBXFileReference; lastKnownFileType = sourcecode.swift; path = OnboardingView.swift; sourceTree = "<group>"; };
		8A1A3D68299C6E0A0092C1E8 /* IceView.swift */ = {isa = PBXFileReference; lastKnownFileType = sourcecode.swift; path = IceView.swift; sourceTree = "<group>"; };
		8A1A3D6A299C809F0092C1E8 /* PinkView.swift */ = {isa = PBXFileReference; lastKnownFileType = sourcecode.swift; path = PinkView.swift; sourceTree = "<group>"; };
		8A1A3D6C299C80AA0092C1E8 /* PurpleView.swift */ = {isa = PBXFileReference; lastKnownFileType = sourcecode.swift; path = PurpleView.swift; sourceTree = "<group>"; };
		8A1A3D6E299C80B70092C1E8 /* BlueView.swift */ = {isa = PBXFileReference; lastKnownFileType = sourcecode.swift; path = BlueView.swift; sourceTree = "<group>"; };
		8A1A3D70299C80C30092C1E8 /* GreenView.swift */ = {isa = PBXFileReference; lastKnownFileType = sourcecode.swift; path = GreenView.swift; sourceTree = "<group>"; };
		8A1A3D72299C80D00092C1E8 /* YellowView.swift */ = {isa = PBXFileReference; lastKnownFileType = sourcecode.swift; path = YellowView.swift; sourceTree = "<group>"; };
		8A1A3D74299D70230092C1E8 /* TextEditor.swift */ = {isa = PBXFileReference; lastKnownFileType = sourcecode.swift; path = TextEditor.swift; sourceTree = "<group>"; };
		8A1A3D76299EC17F0092C1E8 /* endEditing.swift */ = {isa = PBXFileReference; lastKnownFileType = sourcecode.swift; path = endEditing.swift; sourceTree = "<group>"; };
		8A541B8729885E7F00E8E87F /* Blur.swift */ = {isa = PBXFileReference; lastKnownFileType = sourcecode.swift; path = Blur.swift; sourceTree = "<group>"; };
		8A622AAC29847FC800795D99 /* ContentView.swift */ = {isa = PBXFileReference; fileEncoding = 4; lastKnownFileType = sourcecode.swift; path = ContentView.swift; sourceTree = "<group>"; };
		8A622AAE29847FD000795D99 /* BookDayApp.swift */ = {isa = PBXFileReference; fileEncoding = 4; lastKnownFileType = sourcecode.swift; path = BookDayApp.swift; sourceTree = "<group>"; };
		8A73EDE82981A7AE0015C444 /* NetworkModel.swift */ = {isa = PBXFileReference; lastKnownFileType = sourcecode.swift; path = NetworkModel.swift; sourceTree = "<group>"; };
		8A73EDF72981CA470015C444 /* Info.plist */ = {isa = PBXFileReference; lastKnownFileType = text.plist; path = Info.plist; sourceTree = "<group>"; };
		8A73EDFA298449810015C444 /* StringProtocol.swift */ = {isa = PBXFileReference; lastKnownFileType = sourcecode.swift; path = StringProtocol.swift; sourceTree = "<group>"; };
		8A7D8EE829887A46000FC836 /* InfoBookView.swift */ = {isa = PBXFileReference; lastKnownFileType = sourcecode.swift; path = InfoBookView.swift; sourceTree = "<group>"; };
		8A7D8EEC298993DE000FC836 /* LabelAlignment.swift */ = {isa = PBXFileReference; lastKnownFileType = sourcecode.swift; path = LabelAlignment.swift; sourceTree = "<group>"; };
		8A7D8EEE2989B800000FC836 /* ContentCell.swift */ = {isa = PBXFileReference; lastKnownFileType = sourcecode.swift; path = ContentCell.swift; sourceTree = "<group>"; };
		8A7D8EF02989D11E000FC836 /* LibraryView.swift */ = {isa = PBXFileReference; fileEncoding = 4; lastKnownFileType = sourcecode.swift; path = LibraryView.swift; sourceTree = "<group>"; };
		8A7D8EF22989D169000FC836 /* SearchView.swift */ = {isa = PBXFileReference; fileEncoding = 4; lastKnownFileType = sourcecode.swift; path = SearchView.swift; sourceTree = "<group>"; };
		8A7D8EF42989D237000FC836 /* DAO.swift */ = {isa = PBXFileReference; fileEncoding = 4; lastKnownFileType = sourcecode.swift; path = DAO.swift; sourceTree = "<group>"; };
		8A7D8EF629916F82000FC836 /* Accent.swift */ = {isa = PBXFileReference; lastKnownFileType = sourcecode.swift; path = Accent.swift; sourceTree = "<group>"; };
		A13E8476298C2B0700FCDEDB /* ChangePages.swift */ = {isa = PBXFileReference; lastKnownFileType = sourcecode.swift; path = ChangePages.swift; sourceTree = "<group>"; };
		A148994C2980541900402C94 /* BookDay.app */ = {isa = PBXFileReference; explicitFileType = wrapper.application; includeInIndex = 0; path = BookDay.app; sourceTree = BUILT_PRODUCTS_DIR; };
		A14899532980541A00402C94 /* Assets.xcassets */ = {isa = PBXFileReference; lastKnownFileType = folder.assetcatalog; path = Assets.xcassets; sourceTree = "<group>"; };
		A14899562980541A00402C94 /* Preview Assets.xcassets */ = {isa = PBXFileReference; lastKnownFileType = folder.assetcatalog; path = "Preview Assets.xcassets"; sourceTree = "<group>"; };
		A148995F298060F000402C94 /* Book.swift */ = {isa = PBXFileReference; lastKnownFileType = sourcecode.swift; path = Book.swift; sourceTree = "<group>"; };
		A14FC1722982EDF3009F0075 /* Info.plist */ = {isa = PBXFileReference; lastKnownFileType = text.plist.xml; path = Info.plist; sourceTree = "<group>"; };
		A14FC17B2982F72A009F0075 /* BelyDisplay.otf */ = {isa = PBXFileReference; lastKnownFileType = file; path = BelyDisplay.otf; sourceTree = "<group>"; };
		A14FC1802982F969009F0075 /* FlowOrganizer.swift */ = {isa = PBXFileReference; lastKnownFileType = sourcecode.swift; path = FlowOrganizer.swift; sourceTree = "<group>"; };
		A14FC184298305FE009F0075 /* ProgressBar.swift */ = {isa = PBXFileReference; lastKnownFileType = sourcecode.swift; path = ProgressBar.swift; sourceTree = "<group>"; };
		A152AC3C2984425E00D21DDC /* RalewayExtraLight.otf */ = {isa = PBXFileReference; lastKnownFileType = file; path = RalewayExtraLight.otf; sourceTree = "<group>"; };
		A152AC3E2984425E00D21DDC /* RalewayRegular.otf */ = {isa = PBXFileReference; lastKnownFileType = file; path = RalewayRegular.otf; sourceTree = "<group>"; };
		A152AC3F2984425E00D21DDC /* RalewayMedium.otf */ = {isa = PBXFileReference; lastKnownFileType = file; path = RalewayMedium.otf; sourceTree = "<group>"; };
		A152AC442984425E00D21DDC /* RalewayLight.otf */ = {isa = PBXFileReference; lastKnownFileType = file; path = RalewayLight.otf; sourceTree = "<group>"; };
		A152AC462984425E00D21DDC /* Raleway.otf */ = {isa = PBXFileReference; lastKnownFileType = file; path = Raleway.otf; sourceTree = "<group>"; };
		A152AC5D298449A200D21DDC /* PageModel.swift */ = {isa = PBXFileReference; lastKnownFileType = sourcecode.swift; path = PageModel.swift; sourceTree = "<group>"; };
		A152AC612984790E00D21DDC /* ScrollBookReading.swift */ = {isa = PBXFileReference; lastKnownFileType = sourcecode.swift; path = ScrollBookReading.swift; sourceTree = "<group>"; };
		A159F5F82981BCE60054BBC4 /* Colors.swift */ = {isa = PBXFileReference; lastKnownFileType = sourcecode.swift; path = Colors.swift; sourceTree = "<group>"; };
		A159F5FA2981C4870054BBC4 /* MainView.swift */ = {isa = PBXFileReference; lastKnownFileType = sourcecode.swift; path = MainView.swift; sourceTree = "<group>"; };
		A159F6002981CA740054BBC4 /* HomeView.swift */ = {isa = PBXFileReference; lastKnownFileType = sourcecode.swift; path = HomeView.swift; sourceTree = "<group>"; };
		A15BD0242991A9E6009AEC1A /* AppData.swift */ = {isa = PBXFileReference; lastKnownFileType = sourcecode.swift; path = AppData.swift; sourceTree = "<group>"; };
		A164B175299EB07200959B2E /* AbandonLogic.swift */ = {isa = PBXFileReference; lastKnownFileType = sourcecode.swift; path = AbandonLogic.swift; sourceTree = "<group>"; };
		A165ACC0299C0FB20063C576 /* HideTabBar.swift */ = {isa = PBXFileReference; lastKnownFileType = sourcecode.swift; path = HideTabBar.swift; sourceTree = "<group>"; };
		A165ACC2299C1A4F0063C576 /* Notifications.swift */ = {isa = PBXFileReference; lastKnownFileType = sourcecode.swift; path = Notifications.swift; sourceTree = "<group>"; };
		A185140D2995735D00B673FB /* Abandon.swift */ = {isa = PBXFileReference; lastKnownFileType = sourcecode.swift; path = Abandon.swift; sourceTree = "<group>"; };
		A196118C299FF64400D97451 /* AlarmModel.swift */ = {isa = PBXFileReference; lastKnownFileType = sourcecode.swift; path = AlarmModel.swift; sourceTree = "<group>"; };
/* End PBXFileReference section */

/* Begin PBXFrameworksBuildPhase section */
		A14899492980541900402C94 /* Frameworks */ = {
			isa = PBXFrameworksBuildPhase;
			buildActionMask = 2147483647;
			files = (
				8A73EDF02981B3180015C444 /* CodableExtensions in Frameworks */,
			);
			runOnlyForDeploymentPostprocessing = 0;
		};
/* End PBXFrameworksBuildPhase section */

/* Begin PBXGroup section */
		8A1A3D67299C6DE00092C1E8 /* Onboarding */ = {
			isa = PBXGroup;
			children = (
				8A1A3D68299C6E0A0092C1E8 /* IceView.swift */,
				8A1A3D6A299C809F0092C1E8 /* PinkView.swift */,
				8A1A3D6C299C80AA0092C1E8 /* PurpleView.swift */,
				8A1A3D6E299C80B70092C1E8 /* BlueView.swift */,
				8A1A3D70299C80C30092C1E8 /* GreenView.swift */,
				8A1A3D72299C80D00092C1E8 /* YellowView.swift */,
			);
			path = Onboarding;
			sourceTree = "<group>";
		};
		8A541B8629885CB200E8E87F /* Components */ = {
			isa = PBXGroup;
			children = (
				A14FC184298305FE009F0075 /* ProgressBar.swift */,
				8A1A3D74299D70230092C1E8 /* TextEditor.swift */,
				A152AC612984790E00D21DDC /* ScrollBookReading.swift */,
				A13E8476298C2B0700FCDEDB /* ChangePages.swift */,
				A164B175299EB07200959B2E /* AbandonLogic.swift */,
				8A541B8729885E7F00E8E87F /* Blur.swift */,
				8A7D8EEC298993DE000FC836 /* LabelAlignment.swift */,
				8A7D8EEE2989B800000FC836 /* ContentCell.swift */,
			);
			path = Components;
			sourceTree = "<group>";
		};
		8A73EDF82981D0D10015C444 /* Service */ = {
			isa = PBXGroup;
			children = (
				8A73EDE82981A7AE0015C444 /* NetworkModel.swift */,
			);
			path = Service;
			sourceTree = "<group>";
		};
		8A73EDF9298449730015C444 /* Extensions */ = {
			isa = PBXGroup;
			children = (
				8A73EDFA298449810015C444 /* StringProtocol.swift */,
			);
			path = Extensions;
			sourceTree = "<group>";
		};
		A14899432980541900402C94 = {
			isa = PBXGroup;
			children = (
				A148994E2980541900402C94 /* BookDay */,
				8A73EDF9298449730015C444 /* Extensions */,
				A148994D2980541900402C94 /* Products */,
			);
			sourceTree = "<group>";
		};
		A148994D2980541900402C94 /* Products */ = {
			isa = PBXGroup;
			children = (
				A148994C2980541900402C94 /* BookDay.app */,
			);
			name = Products;
			sourceTree = "<group>";
		};
		A148994E2980541900402C94 /* BookDay */ = {
			isa = PBXGroup;
			children = (
				8A73EDF72981CA470015C444 /* Info.plist */,
				8A73EDF82981D0D10015C444 /* Service */,
				8A541B8629885CB200E8E87F /* Components */,
				A159F5F42981BC4C0054BBC4 /* View */,
				A14899532980541A00402C94 /* Assets.xcassets */,
				A1489961298060FC00402C94 /* Model */,
				A14FC17B2982F72A009F0075 /* BelyDisplay.otf */,
				A152AC3C2984425E00D21DDC /* RalewayExtraLight.otf */,
				A152AC3F2984425E00D21DDC /* RalewayMedium.otf */,
				A152AC3E2984425E00D21DDC /* RalewayRegular.otf */,
				A152AC462984425E00D21DDC /* Raleway.otf */,
				A152AC442984425E00D21DDC /* RalewayLight.otf */,
				A14FC1722982EDF3009F0075 /* Info.plist */,
				A14899552980541A00402C94 /* Preview Content */,
			);
			path = BookDay;
			sourceTree = "<group>";
		};
		A14899552980541A00402C94 /* Preview Content */ = {
			isa = PBXGroup;
			children = (
				A14899562980541A00402C94 /* Preview Assets.xcassets */,
			);
			path = "Preview Content";
			sourceTree = "<group>";
		};
		A1489961298060FC00402C94 /* Model */ = {
			isa = PBXGroup;
			children = (
				A148995F298060F000402C94 /* Book.swift */,
				A159F5F82981BCE60054BBC4 /* Colors.swift */,
				A14FC1802982F969009F0075 /* FlowOrganizer.swift */,
				A165ACC0299C0FB20063C576 /* HideTabBar.swift */,
				A152AC5D298449A200D21DDC /* PageModel.swift */,
				8A7D8EF42989D237000FC836 /* DAO.swift */,
				A15BD0242991A9E6009AEC1A /* AppData.swift */,
				8A7D8EF629916F82000FC836 /* Accent.swift */,
				A196118C299FF64400D97451 /* AlarmModel.swift */,
				8A1A3D76299EC17F0092C1E8 /* endEditing.swift */,
			);
			path = Model;
			sourceTree = "<group>";
		};
		A159F5F42981BC4C0054BBC4 /* View */ = {
			isa = PBXGroup;
			children = (
				8A622AAE29847FD000795D99 /* BookDayApp.swift */,
				8A622AAC29847FC800795D99 /* ContentView.swift */,
				A159F5FA2981C4870054BBC4 /* MainView.swift */,
				A159F6002981CA740054BBC4 /* HomeView.swift */,
				8A7D8EF02989D11E000FC836 /* LibraryView.swift */,
				A165ACC2299C1A4F0063C576 /* NotificationsView.swift */,
				A185140D2995735D00B673FB /* AbandonView.swift */,
				8A7D8EF22989D169000FC836 /* SearchView.swift */,
				8A7D8EE829887A46000FC836 /* InfoBookView.swift */,
				8A1A3D63299C178D0092C1E8 /* OnboardingView.swift */,
				8A1A3D67299C6DE00092C1E8 /* Onboarding */,
			);
			path = View;
			sourceTree = "<group>";
		};
/* End PBXGroup section */

/* Begin PBXNativeTarget section */
		A148994B2980541900402C94 /* BookDay */ = {
			isa = PBXNativeTarget;
			buildConfigurationList = A148995A2980541A00402C94 /* Build configuration list for PBXNativeTarget "BookDay" */;
			buildPhases = (
				A14899482980541900402C94 /* Sources */,
				A14899492980541900402C94 /* Frameworks */,
				A148994A2980541900402C94 /* Resources */,
			);
			buildRules = (
			);
			dependencies = (
			);
			name = BookDay;
			packageProductDependencies = (
				8A73EDEF2981B3180015C444 /* CodableExtensions */,
			);
			productName = BookDay;
			productReference = A148994C2980541900402C94 /* BookDay.app */;
			productType = "com.apple.product-type.application";
		};
/* End PBXNativeTarget section */

/* Begin PBXProject section */
		A14899442980541900402C94 /* Project object */ = {
			isa = PBXProject;
			attributes = {
				BuildIndependentTargetsInParallel = 1;
				LastSwiftUpdateCheck = 1420;
				LastUpgradeCheck = 1420;
				TargetAttributes = {
					A148994B2980541900402C94 = {
						CreatedOnToolsVersion = 14.2;
					};
				};
			};
			buildConfigurationList = A14899472980541900402C94 /* Build configuration list for PBXProject "BookDay" */;
			compatibilityVersion = "Xcode 14.0";
			developmentRegion = en;
			hasScannedForEncodings = 0;
			knownRegions = (
				en,
				Base,
			);
			mainGroup = A14899432980541900402C94;
			packageReferences = (
				8A73EDEE2981B3180015C444 /* XCRemoteSwiftPackageReference "CodableExtensions" */,
			);
			productRefGroup = A148994D2980541900402C94 /* Products */;
			projectDirPath = "";
			projectRoot = "";
			targets = (
				A148994B2980541900402C94 /* BookDay */,
			);
		};
/* End PBXProject section */

/* Begin PBXResourcesBuildPhase section */
		A148994A2980541900402C94 /* Resources */ = {
			isa = PBXResourcesBuildPhase;
			buildActionMask = 2147483647;
			files = (
				A152AC4B2984425E00D21DDC /* RalewayMedium.otf in Resources */,
				A14FC18729832DB5009F0075 /* BelyDisplay.otf in Resources */,
				A152AC482984425E00D21DDC /* RalewayExtraLight.otf in Resources */,
				A152AC522984425E00D21DDC /* Raleway.otf in Resources */,
				A14899572980541A00402C94 /* Preview Assets.xcassets in Resources */,
				A14899542980541A00402C94 /* Assets.xcassets in Resources */,
				A152AC4A2984425E00D21DDC /* RalewayRegular.otf in Resources */,
				A152AC502984425E00D21DDC /* RalewayLight.otf in Resources */,
			);
			runOnlyForDeploymentPostprocessing = 0;
		};
/* End PBXResourcesBuildPhase section */

/* Begin PBXSourcesBuildPhase section */
		A14899482980541900402C94 /* Sources */ = {
			isa = PBXSourcesBuildPhase;
			buildActionMask = 2147483647;
			files = (
				A1FDA292298DB6BE001130FD /* SearchView.swift in Sources */,
				A1FDA293298DB6BE001130FD /* InfoBookView.swift in Sources */,
				8A1A3D73299C80D00092C1E8 /* YellowView.swift in Sources */,
				A1FDA291298DB6AD001130FD /* LibraryView.swift in Sources */,
				8A1A3D77299EC17F0092C1E8 /* endEditing.swift in Sources */,
				8A7D8EF52989D237000FC836 /* DAO.swift in Sources */,
				8A1A3D71299C80C30092C1E8 /* GreenView.swift in Sources */,
				8A1A3D6F299C80B70092C1E8 /* BlueView.swift in Sources */,
				8A73EDE92981A7AE0015C444 /* NetworkModel.swift in Sources */,
				8A1A3D75299D70230092C1E8 /* TextEditor.swift in Sources */,
				A1489960298060F000402C94 /* Book.swift in Sources */,
				8A622AAD29847FC800795D99 /* ContentView.swift in Sources */,
				8A73EDFB298449810015C444 /* StringProtocol.swift in Sources */,
				A13E8477298C2B0700FCDEDB /* ChangePages.swift in Sources */,
				A14FC185298305FE009F0075 /* ProgressBar.swift in Sources */,
				8A1A3D6B299C809F0092C1E8 /* PinkView.swift in Sources */,
				A196118D299FF64400D97451 /* AlarmModel.swift in Sources */,
				A164B176299EB07200959B2E /* AbandonLogic.swift in Sources */,
				A15BD0252991A9E6009AEC1A /* AppData.swift in Sources */,
				8A1A3D64299C178D0092C1E8 /* OnboardingView.swift in Sources */,
				A165ACC1299C0FB20063C576 /* HideTabBar.swift in Sources */,
				A152AC622984790E00D21DDC /* ScrollBookReading.swift in Sources */,
				A1489960298060F000402C94 /* Book.swift in Sources */,
				8A1A3D6D299C80AA0092C1E8 /* PurpleView.swift in Sources */,
				8A622AAF29847FD000795D99 /* BookDayApp.swift in Sources */,
				A185140E2995735D00B673FB /* AbandonView.swift in Sources */,
				8A7D8EED298993DE000FC836 /* LabelAlignment.swift in Sources */,
				A159F5FB2981C4870054BBC4 /* MainView.swift in Sources */,
				A165ACC3299C1A4F0063C576 /* NotificationsView.swift in Sources */,
				A159F5F92981BCE60054BBC4 /* Colors.swift in Sources */,
				A14FC1812982F969009F0075 /* FlowOrganizer.swift in Sources */,
				8A541B8829885E7F00E8E87F /* Blur.swift in Sources */,
				8A7D8EEF2989B800000FC836 /* ContentCell.swift in Sources */,
				8A1A3D69299C6E0A0092C1E8 /* IceView.swift in Sources */,
				8A7D8EF729916F82000FC836 /* Accent.swift in Sources */,
				A152AC5E298449A200D21DDC /* PageModel.swift in Sources */,
				A159F6012981CA740054BBC4 /* HomeView.swift in Sources */,
			);
			runOnlyForDeploymentPostprocessing = 0;
		};
/* End PBXSourcesBuildPhase section */

/* Begin XCBuildConfiguration section */
		A14899582980541A00402C94 /* Debug */ = {
			isa = XCBuildConfiguration;
			buildSettings = {
				ALWAYS_SEARCH_USER_PATHS = NO;
				CLANG_ANALYZER_NONNULL = YES;
				CLANG_ANALYZER_NUMBER_OBJECT_CONVERSION = YES_AGGRESSIVE;
				CLANG_CXX_LANGUAGE_STANDARD = "gnu++20";
				CLANG_ENABLE_MODULES = YES;
				CLANG_ENABLE_OBJC_ARC = YES;
				CLANG_ENABLE_OBJC_WEAK = YES;
				CLANG_WARN_BLOCK_CAPTURE_AUTORELEASING = YES;
				CLANG_WARN_BOOL_CONVERSION = YES;
				CLANG_WARN_COMMA = YES;
				CLANG_WARN_CONSTANT_CONVERSION = YES;
				CLANG_WARN_DEPRECATED_OBJC_IMPLEMENTATIONS = YES;
				CLANG_WARN_DIRECT_OBJC_ISA_USAGE = YES_ERROR;
				CLANG_WARN_DOCUMENTATION_COMMENTS = YES;
				CLANG_WARN_EMPTY_BODY = YES;
				CLANG_WARN_ENUM_CONVERSION = YES;
				CLANG_WARN_INFINITE_RECURSION = YES;
				CLANG_WARN_INT_CONVERSION = YES;
				CLANG_WARN_NON_LITERAL_NULL_CONVERSION = YES;
				CLANG_WARN_OBJC_IMPLICIT_RETAIN_SELF = YES;
				CLANG_WARN_OBJC_LITERAL_CONVERSION = YES;
				CLANG_WARN_OBJC_ROOT_CLASS = YES_ERROR;
				CLANG_WARN_QUOTED_INCLUDE_IN_FRAMEWORK_HEADER = YES;
				CLANG_WARN_RANGE_LOOP_ANALYSIS = YES;
				CLANG_WARN_STRICT_PROTOTYPES = YES;
				CLANG_WARN_SUSPICIOUS_MOVE = YES;
				CLANG_WARN_UNGUARDED_AVAILABILITY = YES_AGGRESSIVE;
				CLANG_WARN_UNREACHABLE_CODE = YES;
				CLANG_WARN__DUPLICATE_METHOD_MATCH = YES;
				COPY_PHASE_STRIP = NO;
				DEBUG_INFORMATION_FORMAT = dwarf;
				ENABLE_STRICT_OBJC_MSGSEND = YES;
				ENABLE_TESTABILITY = YES;
				GCC_C_LANGUAGE_STANDARD = gnu11;
				GCC_DYNAMIC_NO_PIC = NO;
				GCC_NO_COMMON_BLOCKS = YES;
				GCC_OPTIMIZATION_LEVEL = 0;
				GCC_PREPROCESSOR_DEFINITIONS = (
					"DEBUG=1",
					"$(inherited)",
				);
				GCC_WARN_64_TO_32_BIT_CONVERSION = YES;
				GCC_WARN_ABOUT_RETURN_TYPE = YES_ERROR;
				GCC_WARN_UNDECLARED_SELECTOR = YES;
				GCC_WARN_UNINITIALIZED_AUTOS = YES_AGGRESSIVE;
				GCC_WARN_UNUSED_FUNCTION = YES;
				GCC_WARN_UNUSED_VARIABLE = YES;
				IPHONEOS_DEPLOYMENT_TARGET = 16.2;
				MTL_ENABLE_DEBUG_INFO = INCLUDE_SOURCE;
				MTL_FAST_MATH = YES;
				ONLY_ACTIVE_ARCH = YES;
				SDKROOT = iphoneos;
				SWIFT_ACTIVE_COMPILATION_CONDITIONS = DEBUG;
				SWIFT_OPTIMIZATION_LEVEL = "-Onone";
			};
			name = Debug;
		};
		A14899592980541A00402C94 /* Release */ = {
			isa = XCBuildConfiguration;
			buildSettings = {
				ALWAYS_SEARCH_USER_PATHS = NO;
				CLANG_ANALYZER_NONNULL = YES;
				CLANG_ANALYZER_NUMBER_OBJECT_CONVERSION = YES_AGGRESSIVE;
				CLANG_CXX_LANGUAGE_STANDARD = "gnu++20";
				CLANG_ENABLE_MODULES = YES;
				CLANG_ENABLE_OBJC_ARC = YES;
				CLANG_ENABLE_OBJC_WEAK = YES;
				CLANG_WARN_BLOCK_CAPTURE_AUTORELEASING = YES;
				CLANG_WARN_BOOL_CONVERSION = YES;
				CLANG_WARN_COMMA = YES;
				CLANG_WARN_CONSTANT_CONVERSION = YES;
				CLANG_WARN_DEPRECATED_OBJC_IMPLEMENTATIONS = YES;
				CLANG_WARN_DIRECT_OBJC_ISA_USAGE = YES_ERROR;
				CLANG_WARN_DOCUMENTATION_COMMENTS = YES;
				CLANG_WARN_EMPTY_BODY = YES;
				CLANG_WARN_ENUM_CONVERSION = YES;
				CLANG_WARN_INFINITE_RECURSION = YES;
				CLANG_WARN_INT_CONVERSION = YES;
				CLANG_WARN_NON_LITERAL_NULL_CONVERSION = YES;
				CLANG_WARN_OBJC_IMPLICIT_RETAIN_SELF = YES;
				CLANG_WARN_OBJC_LITERAL_CONVERSION = YES;
				CLANG_WARN_OBJC_ROOT_CLASS = YES_ERROR;
				CLANG_WARN_QUOTED_INCLUDE_IN_FRAMEWORK_HEADER = YES;
				CLANG_WARN_RANGE_LOOP_ANALYSIS = YES;
				CLANG_WARN_STRICT_PROTOTYPES = YES;
				CLANG_WARN_SUSPICIOUS_MOVE = YES;
				CLANG_WARN_UNGUARDED_AVAILABILITY = YES_AGGRESSIVE;
				CLANG_WARN_UNREACHABLE_CODE = YES;
				CLANG_WARN__DUPLICATE_METHOD_MATCH = YES;
				COPY_PHASE_STRIP = NO;
				DEBUG_INFORMATION_FORMAT = "dwarf-with-dsym";
				ENABLE_NS_ASSERTIONS = NO;
				ENABLE_STRICT_OBJC_MSGSEND = YES;
				GCC_C_LANGUAGE_STANDARD = gnu11;
				GCC_NO_COMMON_BLOCKS = YES;
				GCC_WARN_64_TO_32_BIT_CONVERSION = YES;
				GCC_WARN_ABOUT_RETURN_TYPE = YES_ERROR;
				GCC_WARN_UNDECLARED_SELECTOR = YES;
				GCC_WARN_UNINITIALIZED_AUTOS = YES_AGGRESSIVE;
				GCC_WARN_UNUSED_FUNCTION = YES;
				GCC_WARN_UNUSED_VARIABLE = YES;
				IPHONEOS_DEPLOYMENT_TARGET = 16.2;
				MTL_ENABLE_DEBUG_INFO = NO;
				MTL_FAST_MATH = YES;
				SDKROOT = iphoneos;
				SWIFT_COMPILATION_MODE = wholemodule;
				SWIFT_OPTIMIZATION_LEVEL = "-O";
				VALIDATE_PRODUCT = YES;
			};
			name = Release;
		};
		A148995B2980541A00402C94 /* Debug */ = {
			isa = XCBuildConfiguration;
			buildSettings = {
				ASSETCATALOG_COMPILER_APPICON_NAME = AppIcon;
				ASSETCATALOG_COMPILER_GLOBAL_ACCENT_COLOR_NAME = AccentColor;
				CODE_SIGN_STYLE = Automatic;
				CURRENT_PROJECT_VERSION = 7;
				DEVELOPMENT_ASSET_PATHS = "\"BookDay/Preview Content\"";
				DEVELOPMENT_TEAM = S5PMJAY297;
				ENABLE_PREVIEWS = YES;
				GENERATE_INFOPLIST_FILE = YES;
				INFOPLIST_FILE = BookDay/Info.plist;
				INFOPLIST_KEY_CFBundleDisplayName = BookDay;
				INFOPLIST_KEY_LSApplicationCategoryType = "public.app-category.books";
				INFOPLIST_KEY_UIApplicationSceneManifest_Generation = YES;
				INFOPLIST_KEY_UIApplicationSupportsIndirectInputEvents = YES;
				INFOPLIST_KEY_UILaunchScreen_Generation = YES;
				INFOPLIST_KEY_UISupportedInterfaceOrientations = UIInterfaceOrientationPortrait;
				INFOPLIST_KEY_UISupportedInterfaceOrientations_iPad = "UIInterfaceOrientationLandscapeLeft UIInterfaceOrientationLandscapeRight UIInterfaceOrientationPortrait UIInterfaceOrientationPortraitUpsideDown";
				IPHONEOS_DEPLOYMENT_TARGET = 16.0;
				LD_RUNPATH_SEARCH_PATHS = (
					"$(inherited)",
					"@executable_path/Frameworks",
				);
				MARKETING_VERSION = 1.0;
				PRODUCT_BUNDLE_IDENTIFIER = "Vivian-Bacelar.BookDay";
				PRODUCT_NAME = "$(TARGET_NAME)";
				SUPPORTED_PLATFORMS = "iphoneos iphonesimulator";
				SUPPORTS_MACCATALYST = NO;
				SUPPORTS_MAC_DESIGNED_FOR_IPHONE_IPAD = NO;
				SWIFT_EMIT_LOC_STRINGS = YES;
				SWIFT_VERSION = 5.0;
				TARGETED_DEVICE_FAMILY = 1;
			};
			name = Debug;
		};
		A148995C2980541A00402C94 /* Release */ = {
			isa = XCBuildConfiguration;
			buildSettings = {
				ASSETCATALOG_COMPILER_APPICON_NAME = AppIcon;
				ASSETCATALOG_COMPILER_GLOBAL_ACCENT_COLOR_NAME = AccentColor;
				CODE_SIGN_STYLE = Automatic;
				CURRENT_PROJECT_VERSION = 7;
				DEVELOPMENT_ASSET_PATHS = "\"BookDay/Preview Content\"";
				DEVELOPMENT_TEAM = S5PMJAY297;
				ENABLE_PREVIEWS = YES;
				GENERATE_INFOPLIST_FILE = YES;
				INFOPLIST_FILE = BookDay/Info.plist;
				INFOPLIST_KEY_CFBundleDisplayName = BookDay;
				INFOPLIST_KEY_LSApplicationCategoryType = "public.app-category.books";
				INFOPLIST_KEY_UIApplicationSceneManifest_Generation = YES;
				INFOPLIST_KEY_UIApplicationSupportsIndirectInputEvents = YES;
				INFOPLIST_KEY_UILaunchScreen_Generation = YES;
				INFOPLIST_KEY_UISupportedInterfaceOrientations = UIInterfaceOrientationPortrait;
				INFOPLIST_KEY_UISupportedInterfaceOrientations_iPad = "UIInterfaceOrientationLandscapeLeft UIInterfaceOrientationLandscapeRight UIInterfaceOrientationPortrait UIInterfaceOrientationPortraitUpsideDown";
				IPHONEOS_DEPLOYMENT_TARGET = 16.0;
				LD_RUNPATH_SEARCH_PATHS = (
					"$(inherited)",
					"@executable_path/Frameworks",
				);
				MARKETING_VERSION = 1.0;
				PRODUCT_BUNDLE_IDENTIFIER = "Vivian-Bacelar.BookDay";
				PRODUCT_NAME = "$(TARGET_NAME)";
				SUPPORTED_PLATFORMS = "iphoneos iphonesimulator";
				SUPPORTS_MACCATALYST = NO;
				SUPPORTS_MAC_DESIGNED_FOR_IPHONE_IPAD = NO;
				SWIFT_EMIT_LOC_STRINGS = YES;
				SWIFT_VERSION = 5.0;
				TARGETED_DEVICE_FAMILY = 1;
			};
			name = Release;
		};
/* End XCBuildConfiguration section */

/* Begin XCConfigurationList section */
		A14899472980541900402C94 /* Build configuration list for PBXProject "BookDay" */ = {
			isa = XCConfigurationList;
			buildConfigurations = (
				A14899582980541A00402C94 /* Debug */,
				A14899592980541A00402C94 /* Release */,
			);
			defaultConfigurationIsVisible = 0;
			defaultConfigurationName = Release;
		};
		A148995A2980541A00402C94 /* Build configuration list for PBXNativeTarget "BookDay" */ = {
			isa = XCConfigurationList;
			buildConfigurations = (
				A148995B2980541A00402C94 /* Debug */,
				A148995C2980541A00402C94 /* Release */,
			);
			defaultConfigurationIsVisible = 0;
			defaultConfigurationName = Release;
		};
/* End XCConfigurationList section */

/* Begin XCRemoteSwiftPackageReference section */
		8A73EDEE2981B3180015C444 /* XCRemoteSwiftPackageReference "CodableExtensions" */ = {
			isa = XCRemoteSwiftPackageReference;
			repositoryURL = "https://github.com/rvenieris/CodableExtensions.git";
			requirement = {
				branch = main;
				kind = branch;
			};
		};
/* End XCRemoteSwiftPackageReference section */

/* Begin XCSwiftPackageProductDependency section */
		8A73EDEF2981B3180015C444 /* CodableExtensions */ = {
			isa = XCSwiftPackageProductDependency;
			package = 8A73EDEE2981B3180015C444 /* XCRemoteSwiftPackageReference "CodableExtensions" */;
			productName = CodableExtensions;
		};
/* End XCSwiftPackageProductDependency section */
	};
	rootObject = A14899442980541900402C94 /* Project object */;
}
